// !$*UTF8*$!
{
	archiveVersion = 1;
	classes = {
	};
	objectVersion = 51;
	objects = {

/* Begin PBXBuildFile section */
		62B4F310243AF73B000E677B /* DataTableCell.swift in Sources */ = {isa = PBXBuildFile; fileRef = 62B4F30F243AF73B000E677B /* DataTableCell.swift */; };
		62C8447924376221003E6ED4 /* AppDelegate.swift in Sources */ = {isa = PBXBuildFile; fileRef = 62C8447824376221003E6ED4 /* AppDelegate.swift */; };
		62C8447B24376221003E6ED4 /* ViewController.swift in Sources */ = {isa = PBXBuildFile; fileRef = 62C8447A24376221003E6ED4 /* ViewController.swift */; };
		62C8447E24376221003E6ED4 /* Main.storyboard in Resources */ = {isa = PBXBuildFile; fileRef = 62C8447C24376221003E6ED4 /* Main.storyboard */; };
		62C844802437623D003E6ED4 /* Assets.xcassets in Resources */ = {isa = PBXBuildFile; fileRef = 62C8447F2437623D003E6ED4 /* Assets.xcassets */; };
		62C844832437623D003E6ED4 /* LaunchScreen.storyboard in Resources */ = {isa = PBXBuildFile; fileRef = 62C844812437623D003E6ED4 /* LaunchScreen.storyboard */; };
		62C8448D24377AD6003E6ED4 /* GoogleService-Info.plist in Resources */ = {isa = PBXBuildFile; fileRef = 62C8448C24377AD6003E6ED4 /* GoogleService-Info.plist */; };
		62ED8307243B23BB00E798B5 /* ChatModel.swift in Sources */ = {isa = PBXBuildFile; fileRef = 62ED8306243B23BB00E798B5 /* ChatModel.swift */; };
		99A8C734E93505C8D1A6BD87 /* Pods_Firebase_Chat_App.framework in Frameworks */ = {isa = PBXBuildFile; fileRef = 726490D87B75881EA8D65EF5 /* Pods_Firebase_Chat_App.framework */; };
/* End PBXBuildFile section */

/* Begin PBXFileReference section */
		0D1D653CBD117FEC75D872CB /* Pods-Firebase Chat App.release.xcconfig */ = {isa = PBXFileReference; includeInIndex = 1; lastKnownFileType = text.xcconfig; name = "Pods-Firebase Chat App.release.xcconfig"; path = "Target Support Files/Pods-Firebase Chat App/Pods-Firebase Chat App.release.xcconfig"; sourceTree = "<group>"; };
		62B4F30F243AF73B000E677B /* DataTableCell.swift */ = {isa = PBXFileReference; lastKnownFileType = sourcecode.swift; path = DataTableCell.swift; sourceTree = "<group>"; };
		62C8447524376220003E6ED4 /* Firebase Chat App.app */ = {isa = PBXFileReference; explicitFileType = wrapper.application; includeInIndex = 0; path = "Firebase Chat App.app"; sourceTree = BUILT_PRODUCTS_DIR; };
		62C8447824376221003E6ED4 /* AppDelegate.swift */ = {isa = PBXFileReference; lastKnownFileType = sourcecode.swift; path = AppDelegate.swift; sourceTree = "<group>"; };
		62C8447A24376221003E6ED4 /* ViewController.swift */ = {isa = PBXFileReference; lastKnownFileType = sourcecode.swift; path = ViewController.swift; sourceTree = "<group>"; };
		62C8447D24376221003E6ED4 /* Base */ = {isa = PBXFileReference; lastKnownFileType = file.storyboard; name = Base; path = Base.lproj/Main.storyboard; sourceTree = "<group>"; };
		62C8447F2437623D003E6ED4 /* Assets.xcassets */ = {isa = PBXFileReference; lastKnownFileType = folder.assetcatalog; path = Assets.xcassets; sourceTree = "<group>"; };
		62C844822437623D003E6ED4 /* Base */ = {isa = PBXFileReference; lastKnownFileType = file.storyboard; name = Base; path = Base.lproj/LaunchScreen.storyboard; sourceTree = "<group>"; };
		62C844842437623D003E6ED4 /* Info.plist */ = {isa = PBXFileReference; lastKnownFileType = text.plist.xml; path = Info.plist; sourceTree = "<group>"; };
		62C8448C24377AD6003E6ED4 /* GoogleService-Info.plist */ = {isa = PBXFileReference; fileEncoding = 4; lastKnownFileType = text.plist.xml; name = "GoogleService-Info.plist"; path = "../../../../../Downloads/GoogleService-Info.plist"; sourceTree = "<group>"; };
		62ED8306243B23BB00E798B5 /* ChatModel.swift */ = {isa = PBXFileReference; lastKnownFileType = sourcecode.swift; path = ChatModel.swift; sourceTree = "<group>"; };
		726490D87B75881EA8D65EF5 /* Pods_Firebase_Chat_App.framework */ = {isa = PBXFileReference; explicitFileType = wrapper.framework; includeInIndex = 0; path = Pods_Firebase_Chat_App.framework; sourceTree = BUILT_PRODUCTS_DIR; };
		8F7BF19269C37D60541B4EE0 /* Pods-Firebase Chat App.debug.xcconfig */ = {isa = PBXFileReference; includeInIndex = 1; lastKnownFileType = text.xcconfig; name = "Pods-Firebase Chat App.debug.xcconfig"; path = "Target Support Files/Pods-Firebase Chat App/Pods-Firebase Chat App.debug.xcconfig"; sourceTree = "<group>"; };
/* End PBXFileReference section */

/* Begin PBXFrameworksBuildPhase section */
		62C8447224376220003E6ED4 /* Frameworks */ = {
			isa = PBXFrameworksBuildPhase;
			buildActionMask = 2147483647;
			files = (
				99A8C734E93505C8D1A6BD87 /* Pods_Firebase_Chat_App.framework in Frameworks */,
			);
			runOnlyForDeploymentPostprocessing = 0;
		};
/* End PBXFrameworksBuildPhase section */

/* Begin PBXGroup section */
		595EE7516694D61E99F1501C /* Pods */ = {
			isa = PBXGroup;
			children = (
				8F7BF19269C37D60541B4EE0 /* Pods-Firebase Chat App.debug.xcconfig */,
				0D1D653CBD117FEC75D872CB /* Pods-Firebase Chat App.release.xcconfig */,
			);
			path = Pods;
			sourceTree = "<group>";
		};
		62C8446C2437621E003E6ED4 = {
			isa = PBXGroup;
			children = (
				62C8447724376221003E6ED4 /* Firebase Chat App */,
				62C8447624376220003E6ED4 /* Products */,
				595EE7516694D61E99F1501C /* Pods */,
				C964335D44CAF20400585C6C /* Frameworks */,
			);
			sourceTree = "<group>";
		};
		62C8447624376220003E6ED4 /* Products */ = {
			isa = PBXGroup;
			children = (
				62C8447524376220003E6ED4 /* Firebase Chat App.app */,
			);
			name = Products;
			sourceTree = "<group>";
		};
		62C8447724376221003E6ED4 /* Firebase Chat App */ = {
			isa = PBXGroup;
			children = (
				62C8447824376221003E6ED4 /* AppDelegate.swift */,
				62ED8306243B23BB00E798B5 /* ChatModel.swift */,
				62C8447A24376221003E6ED4 /* ViewController.swift */,
				62C8447C24376221003E6ED4 /* Main.storyboard */,
				62C8447F2437623D003E6ED4 /* Assets.xcassets */,
				62C844812437623D003E6ED4 /* LaunchScreen.storyboard */,
				62C844842437623D003E6ED4 /* Info.plist */,
				62C8448C24377AD6003E6ED4 /* GoogleService-Info.plist */,
				62B4F30F243AF73B000E677B /* DataTableCell.swift */,
			);
			path = "Firebase Chat App";
			sourceTree = "<group>";
		};
		C964335D44CAF20400585C6C /* Frameworks */ = {
			isa = PBXGroup;
			children = (
				726490D87B75881EA8D65EF5 /* Pods_Firebase_Chat_App.framework */,
			);
			name = Frameworks;
			sourceTree = "<group>";
		};
/* End PBXGroup section */

/* Begin PBXNativeTarget section */
		62C8447424376220003E6ED4 /* Firebase Chat App */ = {
			isa = PBXNativeTarget;
			buildConfigurationList = 62C844872437623D003E6ED4 /* Build configuration list for PBXNativeTarget "Firebase Chat App" */;
			buildPhases = (
				1E7259697D92FD0964FB572E /* [CP] Check Pods Manifest.lock */,
				62C8447124376220003E6ED4 /* Sources */,
				62C8447224376220003E6ED4 /* Frameworks */,
				62C8447324376220003E6ED4 /* Resources */,
				11EFD9782983DCD510C00579 /* [CP] Embed Pods Frameworks */,
			);
			buildRules = (
			);
			dependencies = (
			);
			name = "Firebase Chat App";
			productName = "Firebase Chat App";
			productReference = 62C8447524376220003E6ED4 /* Firebase Chat App.app */;
			productType = "com.apple.product-type.application";
		};
/* End PBXNativeTarget section */

/* Begin PBXProject section */
		62C8446D2437621E003E6ED4 /* Project object */ = {
			isa = PBXProject;
			attributes = {
				LastSwiftUpdateCheck = 1020;
				LastUpgradeCheck = 1020;
				ORGANIZATIONNAME = ravindraB;
				TargetAttributes = {
					62C8447424376220003E6ED4 = {
						CreatedOnToolsVersion = 10.2;
					};
				};
			};
			buildConfigurationList = 62C844702437621E003E6ED4 /* Build configuration list for PBXProject "Firebase Chat App" */;
			compatibilityVersion = "Xcode 9.3";
			developmentRegion = en;
			hasScannedForEncodings = 0;
			knownRegions = (
				en,
				Base,
			);
			mainGroup = 62C8446C2437621E003E6ED4;
			productRefGroup = 62C8447624376220003E6ED4 /* Products */;
			projectDirPath = "";
			projectRoot = "";
			targets = (
				62C8447424376220003E6ED4 /* Firebase Chat App */,
			);
		};
/* End PBXProject section */

/* Begin PBXResourcesBuildPhase section */
		62C8447324376220003E6ED4 /* Resources */ = {
			isa = PBXResourcesBuildPhase;
			buildActionMask = 2147483647;
			files = (
				62C844832437623D003E6ED4 /* LaunchScreen.storyboard in Resources */,
				62C8448D24377AD6003E6ED4 /* GoogleService-Info.plist in Resources */,
				62C844802437623D003E6ED4 /* Assets.xcassets in Resources */,
				62C8447E24376221003E6ED4 /* Main.storyboard in Resources */,
			);
			runOnlyForDeploymentPostprocessing = 0;
		};
/* End PBXResourcesBuildPhase section */

/* Begin PBXShellScriptBuildPhase section */
		11EFD9782983DCD510C00579 /* [CP] Embed Pods Frameworks */ = {
			isa = PBXShellScriptBuildPhase;
			buildActionMask = 2147483647;
			files = (
			);
			inputFileListPaths = (
				"${PODS_ROOT}/Target Support Files/Pods-Firebase Chat App/Pods-Firebase Chat App-frameworks-${CONFIGURATION}-input-files.xcfilelist",
			);
			name = "[CP] Embed Pods Frameworks";
			outputFileListPaths = (
				"${PODS_ROOT}/Target Support Files/Pods-Firebase Chat App/Pods-Firebase Chat App-frameworks-${CONFIGURATION}-output-files.xcfilelist",
			);
			runOnlyForDeploymentPostprocessing = 0;
			shellPath = /bin/sh;
			shellScript = "\"${PODS_ROOT}/Target Support Files/Pods-Firebase Chat App/Pods-Firebase Chat App-frameworks.sh\"\n";
			showEnvVarsInLog = 0;
		};
		1E7259697D92FD0964FB572E /* [CP] Check Pods Manifest.lock */ = {
			isa = PBXShellScriptBuildPhase;
			buildActionMask = 2147483647;
			files = (
			);
			inputFileListPaths = (
			);
			inputPaths = (
				"${PODS_PODFILE_DIR_PATH}/Podfile.lock",
				"${PODS_ROOT}/Manifest.lock",
			);
			name = "[CP] Check Pods Manifest.lock";
			outputFileListPaths = (
			);
			outputPaths = (
				"$(DERIVED_FILE_DIR)/Pods-Firebase Chat App-checkManifestLockResult.txt",
			);
			runOnlyForDeploymentPostprocessing = 0;
			shellPath = /bin/sh;
			shellScript = "diff \"${PODS_PODFILE_DIR_PATH}/Podfile.lock\" \"${PODS_ROOT}/Manifest.lock\" > /dev/null\nif [ $? != 0 ] ; then\n    # print error to STDERR\n    echo \"error: The sandbox is not in sync with the Podfile.lock. Run 'pod install' or update your CocoaPods installation.\" >&2\n    exit 1\nfi\n# This output is used by Xcode 'outputs' to avoid re-running this script phase.\necho \"SUCCESS\" > \"${SCRIPT_OUTPUT_FILE_0}\"\n";
			showEnvVarsInLog = 0;
		};
/* End PBXShellScriptBuildPhase section */

/* Begin PBXSourcesBuildPhase section */
		62C8447124376220003E6ED4 /* Sources */ = {
			isa = PBXSourcesBuildPhase;
			buildActionMask = 2147483647;
			files = (
				62C8447B24376221003E6ED4 /* ViewController.swift in Sources */,
				62B4F310243AF73B000E677B /* DataTableCell.swift in Sources */,
				62C8447924376221003E6ED4 /* AppDelegate.swift in Sources */,
				62ED8307243B23BB00E798B5 /* ChatModel.swift in Sources */,
			);
			runOnlyForDeploymentPostprocessing = 0;
		};
/* End PBXSourcesBuildPhase section */

/* Begin PBXVariantGroup section */
		62C8447C24376221003E6ED4 /* Main.storyboard */ = {
			isa = PBXVariantGroup;
			children = (
				62C8447D24376221003E6ED4 /* Base */,
			);
			name = Main.storyboard;
			sourceTree = "<group>";
		};
		62C844812437623D003E6ED4 /* LaunchScreen.storyboard */ = {
			isa = PBXVariantGroup;
			children = (
				62C844822437623D003E6ED4 /* Base */,
			);
			name = LaunchScreen.storyboard;
			sourceTree = "<group>";
		};
/* End PBXVariantGroup section */

/* Begin XCBuildConfiguration section */
		62C844852437623D003E6ED4 /* Debug */ = {
			isa = XCBuildConfiguration;
			buildSettings = {
				ALWAYS_SEARCH_USER_PATHS = NO;
				CLANG_ANALYZER_NONNULL = YES;
				CLANG_ANALYZER_NUMBER_OBJECT_CONVERSION = YES_AGGRESSIVE;
				CLANG_CXX_LANGUAGE_STANDARD = "gnu++14";
				CLANG_CXX_LIBRARY = "libc++";
				CLANG_ENABLE_MODULES = YES;
				CLANG_ENABLE_OBJC_ARC = YES;
				CLANG_ENABLE_OBJC_WEAK = YES;
				CLANG_WARN_BLOCK_CAPTURE_AUTORELEASING = YES;
				CLANG_WARN_BOOL_CONVERSION = YES;
				CLANG_WARN_COMMA = YES;
				CLANG_WARN_CONSTANT_CONVERSION = YES;
				CLANG_WARN_DEPRECATED_OBJC_IMPLEMENTATIONS = YES;
				CLANG_WARN_DIRECT_OBJC_ISA_USAGE = YES_ERROR;
				CLANG_WARN_DOCUMENTATION_COMMENTS = YES;
				CLANG_WARN_EMPTY_BODY = YES;
				CLANG_WARN_ENUM_CONVERSION = YES;
				CLANG_WARN_INFINITE_RECURSION = YES;
				CLANG_WARN_INT_CONVERSION = YES;
				CLANG_WARN_NON_LITERAL_NULL_CONVERSION = YES;
				CLANG_WARN_OBJC_IMPLICIT_RETAIN_SELF = YES;
				CLANG_WARN_OBJC_LITERAL_CONVERSION = YES;
				CLANG_WARN_OBJC_ROOT_CLASS = YES_ERROR;
				CLANG_WARN_RANGE_LOOP_ANALYSIS = YES;
				CLANG_WARN_STRICT_PROTOTYPES = YES;
				CLANG_WARN_SUSPICIOUS_MOVE = YES;
				CLANG_WARN_UNGUARDED_AVAILABILITY = YES_AGGRESSIVE;
				CLANG_WARN_UNREACHABLE_CODE = YES;
				CLANG_WARN__DUPLICATE_METHOD_MATCH = YES;
				CODE_SIGN_IDENTITY = "iPhone Developer";
				COPY_PHASE_STRIP = NO;
				DEBUG_INFORMATION_FORMAT = dwarf;
				ENABLE_STRICT_OBJC_MSGSEND = YES;
				ENABLE_TESTABILITY = YES;
				GCC_C_LANGUAGE_STANDARD = gnu11;
				GCC_DYNAMIC_NO_PIC = NO;
				GCC_NO_COMMON_BLOCKS = YES;
				GCC_OPTIMIZATION_LEVEL = 0;
				GCC_PREPROCESSOR_DEFINITIONS = (
					"DEBUG=1",
					"$(inherited)",
				);
				GCC_WARN_64_TO_32_BIT_CONVERSION = YES;
				GCC_WARN_ABOUT_RETURN_TYPE = YES_ERROR;
				GCC_WARN_UNDECLARED_SELECTOR = YES;
				GCC_WARN_UNINITIALIZED_AUTOS = YES_AGGRESSIVE;
				GCC_WARN_UNUSED_FUNCTION = YES;
				GCC_WARN_UNUSED_VARIABLE = YES;
				IPHONEOS_DEPLOYMENT_TARGET = 12.2;
				MTL_ENABLE_DEBUG_INFO = INCLUDE_SOURCE;
				MTL_FAST_MATH = YES;
				ONLY_ACTIVE_ARCH = YES;
				SDKROOT = iphoneos;
				SWIFT_ACTIVE_COMPILATION_CONDITIONS = DEBUG;
				SWIFT_OPTIMIZATION_LEVEL = "-Onone";
			};
			name = Debug;
		};
		62C844862437623D003E6ED4 /* Release */ = {
			isa = XCBuildConfiguration;
			buildSettings = {
				ALWAYS_SEARCH_USER_PATHS = NO;
				CLANG_ANALYZER_NONNULL = YES;
				CLANG_ANALYZER_NUMBER_OBJECT_CONVERSION = YES_AGGRESSIVE;
				CLANG_CXX_LANGUAGE_STANDARD = "gnu++14";
				CLANG_CXX_LIBRARY = "libc++";
				CLANG_ENABLE_MODULES = YES;
				CLANG_ENABLE_OBJC_ARC = YES;
				CLANG_ENABLE_OBJC_WEAK = YES;
				CLANG_WARN_BLOCK_CAPTURE_AUTORELEASING = YES;
				CLANG_WARN_BOOL_CONVERSION = YES;
				CLANG_WARN_COMMA = YES;
				CLANG_WARN_CONSTANT_CONVERSION = YES;
				CLANG_WARN_DEPRECATED_OBJC_IMPLEMENTATIONS = YES;
				CLANG_WARN_DIRECT_OBJC_ISA_USAGE = YES_ERROR;
				CLANG_WARN_DOCUMENTATION_COMMENTS = YES;
				CLANG_WARN_EMPTY_BODY = YES;
				CLANG_WARN_ENUM_CONVERSION = YES;
				CLANG_WARN_INFINITE_RECURSION = YES;
				CLANG_WARN_INT_CONVERSION = YES;
				CLANG_WARN_NON_LITERAL_NULL_CONVERSION = YES;
				CLANG_WARN_OBJC_IMPLICIT_RETAIN_SELF = YES;
				CLANG_WARN_OBJC_LITERAL_CONVERSION = YES;
				CLANG_WARN_OBJC_ROOT_CLASS = YES_ERROR;
				CLANG_WARN_RANGE_LOOP_ANALYSIS = YES;
				CLANG_WARN_STRICT_PROTOTYPES = YES;
				CLANG_WARN_SUSPICIOUS_MOVE = YES;
				CLANG_WARN_UNGUARDED_AVAILABILITY = YES_AGGRESSIVE;
				CLANG_WARN_UNREACHABLE_CODE = YES;
				CLANG_WARN__DUPLICATE_METHOD_MATCH = YES;
				CODE_SIGN_IDENTITY = "iPhone Developer";
				COPY_PHASE_STRIP = NO;
				DEBUG_INFORMATION_FORMAT = "dwarf-with-dsym";
				ENABLE_NS_ASSERTIONS = NO;
				ENABLE_STRICT_OBJC_MSGSEND = YES;
				GCC_C_LANGUAGE_STANDARD = gnu11;
				GCC_NO_COMMON_BLOCKS = YES;
				GCC_WARN_64_TO_32_BIT_CONVERSION = YES;
				GCC_WARN_ABOUT_RETURN_TYPE = YES_ERROR;
				GCC_WARN_UNDECLARED_SELECTOR = YES;
				GCC_WARN_UNINITIALIZED_AUTOS = YES_AGGRESSIVE;
				GCC_WARN_UNUSED_FUNCTION = YES;
				GCC_WARN_UNUSED_VARIABLE = YES;
				IPHONEOS_DEPLOYMENT_TARGET = 12.2;
				MTL_ENABLE_DEBUG_INFO = NO;
				MTL_FAST_MATH = YES;
				SDKROOT = iphoneos;
				SWIFT_COMPILATION_MODE = wholemodule;
				SWIFT_OPTIMIZATION_LEVEL = "-O";
				VALIDATE_PRODUCT = YES;
			};
			name = Release;
		};
		62C844882437623D003E6ED4 /* Debug */ = {
			isa = XCBuildConfiguration;
			baseConfigurationReference = 8F7BF19269C37D60541B4EE0 /* Pods-Firebase Chat App.debug.xcconfig */;
			buildSettings = {
				ASSETCATALOG_COMPILER_APPICON_NAME = AppIcon;
				CODE_SIGN_STYLE = Automatic;
				INFOPLIST_FILE = "Firebase Chat App/Info.plist";
				LD_RUNPATH_SEARCH_PATHS = (
					"$(inherited)",
					"@executable_path/Frameworks",
				);
				PRODUCT_BUNDLE_IDENTIFIER = "com.ravindra.Firebase-Chat-App";
				PRODUCT_NAME = "$(TARGET_NAME)";
				SWIFT_VERSION = 5.0;
				TARGETED_DEVICE_FAMILY = "1,2";
			};
			name = Debug;
		};
		62C844892437623D003E6ED4 /* Release */ = {
			isa = XCBuildConfiguration;
			baseConfigurationReference = 0D1D653CBD117FEC75D872CB /* Pods-Firebase Chat App.release.xcconfig */;
			buildSettings = {
				ASSETCATALOG_COMPILER_APPICON_NAME = AppIcon;
				CODE_SIGN_STYLE = Automatic;
				INFOPLIST_FILE = "Firebase Chat App/Info.plist";
				LD_RUNPATH_SEARCH_PATHS = (
					"$(inherited)",
					"@executable_path/Frameworks",
				);
				PRODUCT_BUNDLE_IDENTIFIER = "com.ravindra.Firebase-Chat-App";
				PRODUCT_NAME = "$(TARGET_NAME)";
				SWIFT_VERSION = 5.0;
				TARGETED_DEVICE_FAMILY = "1,2";
			};
			name = Release;
		};
/* End XCBuildConfiguration section */

/* Begin XCConfigurationList section */
		62C844702437621E003E6ED4 /* Build configuration list for PBXProject "Firebase Chat App" */ = {
			isa = XCConfigurationList;
			buildConfigurations = (
				62C844852437623D003E6ED4 /* Debug */,
				62C844862437623D003E6ED4 /* Release */,
			);
			defaultConfigurationIsVisible = 0;
			defaultConfigurationName = Release;
		};
		62C844872437623D003E6ED4 /* Build configuration list for PBXNativeTarget "Firebase Chat App" */ = {
			isa = XCConfigurationList;
			buildConfigurations = (
				62C844882437623D003E6ED4 /* Debug */,
				62C844892437623D003E6ED4 /* Release */,
			);
			defaultConfigurationIsVisible = 0;
			defaultConfigurationName = Release;
		};
/* End XCConfigurationList section */
	};
	rootObject = 62C8446D2437621E003E6ED4 /* Project object */;
}
